
Microsoft Visual Studio Solution File, Format Version 12.00
# Visual Studio Version 16
VisualStudioVersion = 16.0.31321.278
MinimumVisualStudioVersion = 10.0.40219.1
Project("{FAE04EC0-301F-11D3-BF4B-00C04F79EFBC}") = "Break", "Break.csproj", "{F4A0913D-4BBC-4BAC-86B5-C3065AD782D7}"
EndProject
Global
	GlobalSection(SolutionConfigurationPlatforms) = preSolution
		Debug|Any CPU = Debug|Any CPU
		Release|Any CPU = Release|Any CPU
	EndGlobalSection
	GlobalSection(ProjectConfigurationPlatforms) = postSolution
		{F4A0913D-4BBC-4BAC-86B5-C3065AD782D7}.Debug|Any CPU.ActiveCfg = Debug|Any CPU
		{F4A0913D-4BBC-4BAC-86B5-C3065AD782D7}.Debug|Any CPU.Build.0 = Debug|Any CPU
		{F4A0913D-4BBC-4BAC-86B5-C3065AD782D7}.Release|Any CPU.ActiveCfg = Release|Any CPU
		{F4A0913D-4BBC-4BAC-86B5-C3065AD782D7}.Release|Any CPU.Build.0 = Release|Any CPU
	EndGlobalSection
	GlobalSection(SolutionProperties) = preSolution
		HideSolutionNode = FALSE
	EndGlobalSection
	GlobalSection(ExtensibilityGlobals) = postSolution
		SolutionGuid = {75BAA608-C0CB-4E64-AFC5-6767F84A82D3}
	EndGlobalSection
EndGlobal
