
Microsoft Visual Studio Solution File, Format Version 12.00
# Visual Studio Version 16
VisualStudioVersion = 16.0.31321.278
MinimumVisualStudioVersion = 10.0.40219.1
Project("{FAE04EC0-301F-11D3-BF4B-00C04F79EFBC}") = "Continue", "Continue.csproj", "{3CECA5AA-7BE2-4531-AC6A-08807FC5FAB5}"
EndProject
Global
	GlobalSection(SolutionConfigurationPlatforms) = preSolution
		Debug|Any CPU = Debug|Any CPU
		Release|Any CPU = Release|Any CPU
	EndGlobalSection
	GlobalSection(ProjectConfigurationPlatforms) = postSolution
		{3CECA5AA-7BE2-4531-AC6A-08807FC5FAB5}.Debug|Any CPU.ActiveCfg = Debug|Any CPU
		{3CECA5AA-7BE2-4531-AC6A-08807FC5FAB5}.Debug|Any CPU.Build.0 = Debug|Any CPU
		{3CECA5AA-7BE2-4531-AC6A-08807FC5FAB5}.Release|Any CPU.ActiveCfg = Release|Any CPU
		{3CECA5AA-7BE2-4531-AC6A-08807FC5FAB5}.Release|Any CPU.Build.0 = Release|Any CPU
	EndGlobalSection
	GlobalSection(SolutionProperties) = preSolution
		HideSolutionNode = FALSE
	EndGlobalSection
	GlobalSection(ExtensibilityGlobals) = postSolution
		SolutionGuid = {05CF515E-9FE4-46FD-91DE-9D33F72A5C7E}
	EndGlobalSection
EndGlobal
