
Microsoft Visual Studio Solution File, Format Version 12.00
# Visual Studio Version 16
VisualStudioVersion = 16.0.31321.278
MinimumVisualStudioVersion = 10.0.40219.1
Project("{FAE04EC0-301F-11D3-BF4B-00C04F79EFBC}") = "Comparison Operators", "Comparison Operators.csproj", "{8ABF6D89-2102-40C6-963F-C0E05CBC5502}"
EndProject
Global
	GlobalSection(SolutionConfigurationPlatforms) = preSolution
		Debug|Any CPU = Debug|Any CPU
		Release|Any CPU = Release|Any CPU
	EndGlobalSection
	GlobalSection(ProjectConfigurationPlatforms) = postSolution
		{8ABF6D89-2102-40C6-963F-C0E05CBC5502}.Debug|Any CPU.ActiveCfg = Debug|Any CPU
		{8ABF6D89-2102-40C6-963F-C0E05CBC5502}.Debug|Any CPU.Build.0 = Debug|Any CPU
		{8ABF6D89-2102-40C6-963F-C0E05CBC5502}.Release|Any CPU.ActiveCfg = Release|Any CPU
		{8ABF6D89-2102-40C6-963F-C0E05CBC5502}.Release|Any CPU.Build.0 = Release|Any CPU
	EndGlobalSection
	GlobalSection(SolutionProperties) = preSolution
		HideSolutionNode = FALSE
	EndGlobalSection
	GlobalSection(ExtensibilityGlobals) = postSolution
		SolutionGuid = {FED7FA5E-CC5A-490B-BDBC-BCF8DE8A1187}
	EndGlobalSection
EndGlobal
