
Microsoft Visual Studio Solution File, Format Version 12.00
# Visual Studio Version 16
VisualStudioVersion = 16.0.31321.278
MinimumVisualStudioVersion = 10.0.40219.1
Project("{FAE04EC0-301F-11D3-BF4B-00C04F79EFBC}") = "Conditional Application", "Conditional Application.csproj", "{3C785ABC-B7D3-4BC2-A406-6950BD45E19C}"
EndProject
Global
	GlobalSection(SolutionConfigurationPlatforms) = preSolution
		Debug|Any CPU = Debug|Any CPU
		Release|Any CPU = Release|Any CPU
	EndGlobalSection
	GlobalSection(ProjectConfigurationPlatforms) = postSolution
		{3C785ABC-B7D3-4BC2-A406-6950BD45E19C}.Debug|Any CPU.ActiveCfg = Debug|Any CPU
		{3C785ABC-B7D3-4BC2-A406-6950BD45E19C}.Debug|Any CPU.Build.0 = Debug|Any CPU
		{3C785ABC-B7D3-4BC2-A406-6950BD45E19C}.Release|Any CPU.ActiveCfg = Release|Any CPU
		{3C785ABC-B7D3-4BC2-A406-6950BD45E19C}.Release|Any CPU.Build.0 = Release|Any CPU
	EndGlobalSection
	GlobalSection(SolutionProperties) = preSolution
		HideSolutionNode = FALSE
	EndGlobalSection
	GlobalSection(ExtensibilityGlobals) = postSolution
		SolutionGuid = {C9703E3C-2B4E-4829-912D-06BF7DA689D8}
	EndGlobalSection
EndGlobal
